
Microsoft Visual Studio Solution File, Format Version 12.00
# Visual Studio 14
VisualStudioVersion = 14.0.23107.0
MinimumVisualStudioVersion = 10.0.40219.1
Project("{FAE04EC0-301F-11D3-BF4B-00C04F79EFBC}") = "RESTServices", "SOAPServices\RESTServices.csproj", "{EDA5E39A-DA79-4743-A228-146959CE2B17}"
EndProject
Project("{2150E333-8FDC-42A3-9474-1A3956D46DE8}") = "Librerias", "Librerias", "{8BA66874-8C97-4E2B-8C53-B90CE1C3CF43}"
	ProjectSection(SolutionItems) = preProject
		Librerias\Iesi.Collections.dll = Librerias\Iesi.Collections.dll
		Librerias\NHibernate.dll = Librerias\NHibernate.dll
	EndProjectSection
EndProject
Global
	GlobalSection(SolutionConfigurationPlatforms) = preSolution
		Debug|Any CPU = Debug|Any CPU
		Release|Any CPU = Release|Any CPU
	EndGlobalSection
	GlobalSection(ProjectConfigurationPlatforms) = postSolution
		{EDA5E39A-DA79-4743-A228-146959CE2B17}.Debug|Any CPU.ActiveCfg = Debug|Any CPU
		{EDA5E39A-DA79-4743-A228-146959CE2B17}.Debug|Any CPU.Build.0 = Debug|Any CPU
		{EDA5E39A-DA79-4743-A228-146959CE2B17}.Release|Any CPU.ActiveCfg = Release|Any CPU
		{EDA5E39A-DA79-4743-A228-146959CE2B17}.Release|Any CPU.Build.0 = Release|Any CPU
	EndGlobalSection
	GlobalSection(SolutionProperties) = preSolution
		HideSolutionNode = FALSE
	EndGlobalSection
EndGlobal
